
Microsoft Visual Studio Solution File, Format Version 12.00
# Visual Studio 15
VisualStudioVersion = 15.0.26124.0
MinimumVisualStudioVersion = 15.0.26124.0
Project("{2150E333-8FDC-42A3-9474-1A3956D46DE8}") = "src", "src", "{9B2F18DD-253E-49A1-8CBF-22956C953D34}"
EndProject
Project("{FAE04EC0-301F-11D3-BF4B-00C04F79EFBC}") = "Models", "src\Models\Models.csproj", "{4A0E1E5A-2ABE-47C5-8A55-CF88FE16900D}"
EndProject
Project("{FAE04EC0-301F-11D3-BF4B-00C04F79EFBC}") = "Dtos", "src\Dtos\Dtos.csproj", "{99935D3C-2E30-4577-B498-4EEB0FC7AD1E}"
EndProject
Project("{FAE04EC0-301F-11D3-BF4B-00C04F79EFBC}") = "DataAccess", "src\DataAccess\DataAccess.csproj", "{52E93FDA-2543-4A8A-9A80-5F06754BC453}"
EndProject
Project("{FAE04EC0-301F-11D3-BF4B-00C04F79EFBC}") = "Business", "src\Business\Business.csproj", "{CCED0E16-872C-483F-932C-8701565B102F}"
EndProject
Project("{FAE04EC0-301F-11D3-BF4B-00C04F79EFBC}") = "Service", "src\Service\Service.csproj", "{0610FF24-CE10-4CE9-9EA8-6FA5F7151B13}"
EndProject
Global
	GlobalSection(SolutionConfigurationPlatforms) = preSolution
		Debug|Any CPU = Debug|Any CPU
		Debug|x64 = Debug|x64
		Debug|x86 = Debug|x86
		Release|Any CPU = Release|Any CPU
		Release|x64 = Release|x64
		Release|x86 = Release|x86
	EndGlobalSection
	GlobalSection(SolutionProperties) = preSolution
		HideSolutionNode = FALSE
	EndGlobalSection
	GlobalSection(ProjectConfigurationPlatforms) = postSolution
		{4A0E1E5A-2ABE-47C5-8A55-CF88FE16900D}.Debug|Any CPU.ActiveCfg = Debug|Any CPU
		{4A0E1E5A-2ABE-47C5-8A55-CF88FE16900D}.Debug|Any CPU.Build.0 = Debug|Any CPU
		{4A0E1E5A-2ABE-47C5-8A55-CF88FE16900D}.Debug|x64.ActiveCfg = Debug|Any CPU
		{4A0E1E5A-2ABE-47C5-8A55-CF88FE16900D}.Debug|x64.Build.0 = Debug|Any CPU
		{4A0E1E5A-2ABE-47C5-8A55-CF88FE16900D}.Debug|x86.ActiveCfg = Debug|Any CPU
		{4A0E1E5A-2ABE-47C5-8A55-CF88FE16900D}.Debug|x86.Build.0 = Debug|Any CPU
		{4A0E1E5A-2ABE-47C5-8A55-CF88FE16900D}.Release|Any CPU.ActiveCfg = Release|Any CPU
		{4A0E1E5A-2ABE-47C5-8A55-CF88FE16900D}.Release|Any CPU.Build.0 = Release|Any CPU
		{4A0E1E5A-2ABE-47C5-8A55-CF88FE16900D}.Release|x64.ActiveCfg = Release|Any CPU
		{4A0E1E5A-2ABE-47C5-8A55-CF88FE16900D}.Release|x64.Build.0 = Release|Any CPU
		{4A0E1E5A-2ABE-47C5-8A55-CF88FE16900D}.Release|x86.ActiveCfg = Release|Any CPU
		{4A0E1E5A-2ABE-47C5-8A55-CF88FE16900D}.Release|x86.Build.0 = Release|Any CPU
		{99935D3C-2E30-4577-B498-4EEB0FC7AD1E}.Debug|Any CPU.ActiveCfg = Debug|Any CPU
		{99935D3C-2E30-4577-B498-4EEB0FC7AD1E}.Debug|Any CPU.Build.0 = Debug|Any CPU
		{99935D3C-2E30-4577-B498-4EEB0FC7AD1E}.Debug|x64.ActiveCfg = Debug|Any CPU
		{99935D3C-2E30-4577-B498-4EEB0FC7AD1E}.Debug|x64.Build.0 = Debug|Any CPU
		{99935D3C-2E30-4577-B498-4EEB0FC7AD1E}.Debug|x86.ActiveCfg = Debug|Any CPU
		{99935D3C-2E30-4577-B498-4EEB0FC7AD1E}.Debug|x86.Build.0 = Debug|Any CPU
		{99935D3C-2E30-4577-B498-4EEB0FC7AD1E}.Release|Any CPU.ActiveCfg = Release|Any CPU
		{99935D3C-2E30-4577-B498-4EEB0FC7AD1E}.Release|Any CPU.Build.0 = Release|Any CPU
		{99935D3C-2E30-4577-B498-4EEB0FC7AD1E}.Release|x64.ActiveCfg = Release|Any CPU
		{99935D3C-2E30-4577-B498-4EEB0FC7AD1E}.Release|x64.Build.0 = Release|Any CPU
		{99935D3C-2E30-4577-B498-4EEB0FC7AD1E}.Release|x86.ActiveCfg = Release|Any CPU
		{99935D3C-2E30-4577-B498-4EEB0FC7AD1E}.Release|x86.Build.0 = Release|Any CPU
		{52E93FDA-2543-4A8A-9A80-5F06754BC453}.Debug|Any CPU.ActiveCfg = Debug|Any CPU
		{52E93FDA-2543-4A8A-9A80-5F06754BC453}.Debug|Any CPU.Build.0 = Debug|Any CPU
		{52E93FDA-2543-4A8A-9A80-5F06754BC453}.Debug|x64.ActiveCfg = Debug|Any CPU
		{52E93FDA-2543-4A8A-9A80-5F06754BC453}.Debug|x64.Build.0 = Debug|Any CPU
		{52E93FDA-2543-4A8A-9A80-5F06754BC453}.Debug|x86.ActiveCfg = Debug|Any CPU
		{52E93FDA-2543-4A8A-9A80-5F06754BC453}.Debug|x86.Build.0 = Debug|Any CPU
		{52E93FDA-2543-4A8A-9A80-5F06754BC453}.Release|Any CPU.ActiveCfg = Release|Any CPU
		{52E93FDA-2543-4A8A-9A80-5F06754BC453}.Release|Any CPU.Build.0 = Release|Any CPU
		{52E93FDA-2543-4A8A-9A80-5F06754BC453}.Release|x64.ActiveCfg = Release|Any CPU
		{52E93FDA-2543-4A8A-9A80-5F06754BC453}.Release|x64.Build.0 = Release|Any CPU
		{52E93FDA-2543-4A8A-9A80-5F06754BC453}.Release|x86.ActiveCfg = Release|Any CPU
		{52E93FDA-2543-4A8A-9A80-5F06754BC453}.Release|x86.Build.0 = Release|Any CPU
		{CCED0E16-872C-483F-932C-8701565B102F}.Debug|Any CPU.ActiveCfg = Debug|Any CPU
		{CCED0E16-872C-483F-932C-8701565B102F}.Debug|Any CPU.Build.0 = Debug|Any CPU
		{CCED0E16-872C-483F-932C-8701565B102F}.Debug|x64.ActiveCfg = Debug|Any CPU
		{CCED0E16-872C-483F-932C-8701565B102F}.Debug|x64.Build.0 = Debug|Any CPU
		{CCED0E16-872C-483F-932C-8701565B102F}.Debug|x86.ActiveCfg = Debug|Any CPU
		{CCED0E16-872C-483F-932C-8701565B102F}.Debug|x86.Build.0 = Debug|Any CPU
		{CCED0E16-872C-483F-932C-8701565B102F}.Release|Any CPU.ActiveCfg = Release|Any CPU
		{CCED0E16-872C-483F-932C-8701565B102F}.Release|Any CPU.Build.0 = Release|Any CPU
		{CCED0E16-872C-483F-932C-8701565B102F}.Release|x64.ActiveCfg = Release|Any CPU
		{CCED0E16-872C-483F-932C-8701565B102F}.Release|x64.Build.0 = Release|Any CPU
		{CCED0E16-872C-483F-932C-8701565B102F}.Release|x86.ActiveCfg = Release|Any CPU
		{CCED0E16-872C-483F-932C-8701565B102F}.Release|x86.Build.0 = Release|Any CPU
		{0610FF24-CE10-4CE9-9EA8-6FA5F7151B13}.Debug|Any CPU.ActiveCfg = Debug|Any CPU
		{0610FF24-CE10-4CE9-9EA8-6FA5F7151B13}.Debug|Any CPU.Build.0 = Debug|Any CPU
		{0610FF24-CE10-4CE9-9EA8-6FA5F7151B13}.Debug|x64.ActiveCfg = Debug|Any CPU
		{0610FF24-CE10-4CE9-9EA8-6FA5F7151B13}.Debug|x64.Build.0 = Debug|Any CPU
		{0610FF24-CE10-4CE9-9EA8-6FA5F7151B13}.Debug|x86.ActiveCfg = Debug|Any CPU
		{0610FF24-CE10-4CE9-9EA8-6FA5F7151B13}.Debug|x86.Build.0 = Debug|Any CPU
		{0610FF24-CE10-4CE9-9EA8-6FA5F7151B13}.Release|Any CPU.ActiveCfg = Release|Any CPU
		{0610FF24-CE10-4CE9-9EA8-6FA5F7151B13}.Release|Any CPU.Build.0 = Release|Any CPU
		{0610FF24-CE10-4CE9-9EA8-6FA5F7151B13}.Release|x64.ActiveCfg = Release|Any CPU
		{0610FF24-CE10-4CE9-9EA8-6FA5F7151B13}.Release|x64.Build.0 = Release|Any CPU
		{0610FF24-CE10-4CE9-9EA8-6FA5F7151B13}.Release|x86.ActiveCfg = Release|Any CPU
		{0610FF24-CE10-4CE9-9EA8-6FA5F7151B13}.Release|x86.Build.0 = Release|Any CPU
	EndGlobalSection
	GlobalSection(NestedProjects) = preSolution
		{4A0E1E5A-2ABE-47C5-8A55-CF88FE16900D} = {9B2F18DD-253E-49A1-8CBF-22956C953D34}
		{99935D3C-2E30-4577-B498-4EEB0FC7AD1E} = {9B2F18DD-253E-49A1-8CBF-22956C953D34}
		{52E93FDA-2543-4A8A-9A80-5F06754BC453} = {9B2F18DD-253E-49A1-8CBF-22956C953D34}
		{CCED0E16-872C-483F-932C-8701565B102F} = {9B2F18DD-253E-49A1-8CBF-22956C953D34}
		{0610FF24-CE10-4CE9-9EA8-6FA5F7151B13} = {9B2F18DD-253E-49A1-8CBF-22956C953D34}
	EndGlobalSection
EndGlobal
